
Microsoft Visual Studio Solution File, Format Version 12.00
# Visual Studio Version 17
VisualStudioVersion = 17.5.002.0
MinimumVisualStudioVersion = 10.0.40219.1
Project("{2150E333-8FDC-42A3-9474-1A3956D46DE8}") = "src", "src", "{A62C7BE1-6FF7-4E35-9930-6A0878144BCF}"
EndProject
Project("{9A19103F-16F7-4668-BE54-9A1E7A4F7556}") = "Library", "src\Library\Library.csproj", "{CA11E6CB-3CF7-4B24-8DE1-5CDF0D4F9186}"
EndProject
Project("{9A19103F-16F7-4668-BE54-9A1E7A4F7556}") = "Program", "src\Program\Program.csproj", "{D63CD121-257D-4B5B-892C-71D8C227318F}"
EndProject
Global
	GlobalSection(SolutionConfigurationPlatforms) = preSolution
		Debug|Any CPU = Debug|Any CPU
		Release|Any CPU = Release|Any CPU
	EndGlobalSection
	GlobalSection(ProjectConfigurationPlatforms) = postSolution
		{CA11E6CB-3CF7-4B24-8DE1-5CDF0D4F9186}.Debug|Any CPU.ActiveCfg = Debug|Any CPU
		{CA11E6CB-3CF7-4B24-8DE1-5CDF0D4F9186}.Debug|Any CPU.Build.0 = Debug|Any CPU
		{CA11E6CB-3CF7-4B24-8DE1-5CDF0D4F9186}.Release|Any CPU.ActiveCfg = Release|Any CPU
		{CA11E6CB-3CF7-4B24-8DE1-5CDF0D4F9186}.Release|Any CPU.Build.0 = Release|Any CPU
		{D63CD121-257D-4B5B-892C-71D8C227318F}.Debug|Any CPU.ActiveCfg = Debug|Any CPU
		{D63CD121-257D-4B5B-892C-71D8C227318F}.Debug|Any CPU.Build.0 = Debug|Any CPU
		{D63CD121-257D-4B5B-892C-71D8C227318F}.Release|Any CPU.ActiveCfg = Release|Any CPU
		{D63CD121-257D-4B5B-892C-71D8C227318F}.Release|Any CPU.Build.0 = Release|Any CPU
	EndGlobalSection
	GlobalSection(SolutionProperties) = preSolution
		HideSolutionNode = FALSE
	EndGlobalSection
	GlobalSection(NestedProjects) = preSolution
		{CA11E6CB-3CF7-4B24-8DE1-5CDF0D4F9186} = {A62C7BE1-6FF7-4E35-9930-6A0878144BCF}
		{D63CD121-257D-4B5B-892C-71D8C227318F} = {A62C7BE1-6FF7-4E35-9930-6A0878144BCF}
	EndGlobalSection
	GlobalSection(ExtensibilityGlobals) = postSolution
		SolutionGuid = {184689E3-BB63-47EF-9939-4042DCB4318C}
	EndGlobalSection
EndGlobal
